# This file is @generated by PDM.
# It is not intended for manual editing.

[metadata]
groups = ["default"]
cross_platform = true
static_urls = false
lock_version = "4.3"
content_hash = "sha256:d986a0db601035ac1ff3cf82e74b05de89ef9a8fa4dcaf7296ffa07e75ca396c"

[[package]]
name = "typing"
version = "3.7.4.1"
summary = "Type Hints for Python"
files = [
    {file = "typing-3.7.4.1-py3-none-any.whl", hash = "sha256:f38d83c5a7a7086543a0f649564d661859c5146a85775ab90c0d2f93ffaa9714"},
    {file = "typing-3.7.4.1.tar.gz", hash = "sha256:91dfe6f3f706ee8cc32d38edbbf304e9b7583fb37108fef38229617f8b3eba23"},
]

[[package]]
name = "ulid-py"
version = "1.1.0"
summary = "Universally Unique Lexicographically Sortable Identifier"
files = [
    {file = "ulid-py-1.1.0.tar.gz", hash = "sha256:dc6884be91558df077c3011b9fb0c87d1097cb8fc6534b11f310161afd5738f0"},
    {file = "ulid_py-1.1.0-py2.py3-none-any.whl", hash = "sha256:b56a0f809ef90d6020b21b89a87a48edc7c03aea80e5ed5174172e82d76e3987"},
]
